PODS:
  - Flutter (1.0.0)
  - flutter_web_browser (0.17.3):
    - Flutter

DEPENDENCIES:
  - Flutter (from `Flutter`)
  - flutter_web_browser (from `.symlinks/plugins/flutter_web_browser/ios`)

EXTERNAL SOURCES:
  Flutter:
    :path: Flutter
  flutter_web_browser:
    :path: ".symlinks/plugins/flutter_web_browser/ios"

SPEC CHECKSUMS:
  Flutter: cabc95a1d2626b1b06e7179b784ebcf0c0cde467
  flutter_web_browser: 68b27d2c4773b059cef19e12c890cb204518d3c3

PODFILE CHECKSUM: 26bf71676602d3bde1ef95ab9cbbb537cd92ba8c

COCOAPODS: 1.16.2
